// !$*UTF8*$!
{
	archiveVersion = 1;
	classes = {
	};
	objectVersion = 60;
	objects = {

/* Begin PBXBuildFile section */
		EF3F54E52C5E803F00A0C1DD /* DoneTaskView.swift in Sources */ = {isa = PBXBuildFile; fileRef = EF3F54E42C5E803F00A0C1DD /* DoneTaskView.swift */; };
		EF3F61342C6619B3009BF5E3 /* TodolistOn.swift in Sources */ = {isa = PBXBuildFile; fileRef = EF3F61332C6619B3009BF5E3 /* TodolistOn.swift */; };
		EF3F61362C661C14009BF5E3 /* PomodoroOn.swift in Sources */ = {isa = PBXBuildFile; fileRef = EF3F61352C661C14009BF5E3 /* PomodoroOn.swift */; };
		EF48CD5D2C593E0600B93C86 /* CreateCategoryView.swift in Sources */ = {isa = PBXBuildFile; fileRef = EF48CD5C2C593E0600B93C86 /* CreateCategoryView.swift */; };
		EFB01D1B2C5CECB3007606D9 /* CategoryView.swift in Sources */ = {isa = PBXBuildFile; fileRef = EFB01D1A2C5CECB3007606D9 /* CategoryView.swift */; };
		EFB01D1D2C5D499C007606D9 /* UpdateCategoryView.swift in Sources */ = {isa = PBXBuildFile; fileRef = EFB01D1C2C5D499C007606D9 /* UpdateCategoryView.swift */; };
		EFB01D1F2C5D4F93007606D9 /* MenuCategory.swift in Sources */ = {isa = PBXBuildFile; fileRef = EFB01D1E2C5D4F93007606D9 /* MenuCategory.swift */; };
		EFB8C2EE2C609B5B00B00B65 /* SettingsView.swift in Sources */ = {isa = PBXBuildFile; fileRef = EFB8C2ED2C609B5B00B00B65 /* SettingsView.swift */; };
		EFC1568F2C902AB300E01DFB /* PomodoroView.swift in Sources */ = {isa = PBXBuildFile; fileRef = EFC1568E2C902AB300E01DFB /* PomodoroView.swift */; };
		EFC156932C9048F800E01DFB /* PomodoroManager.swift in Sources */ = {isa = PBXBuildFile; fileRef = EFC156922C9048F800E01DFB /* PomodoroManager.swift */; };
		EFC339C92C608B7900A5E553 /* CalendarView.swift in Sources */ = {isa = PBXBuildFile; fileRef = EFC339C82C608B7900A5E553 /* CalendarView.swift */; };
		EFCC0A812C8F20B500885E66 /* ItemsContaner.swift in Sources */ = {isa = PBXBuildFile; fileRef = EFCC0A802C8F20B500885E66 /* ItemsContaner.swift */; };
		EFCC0A862C8F6E0B00885E66 /* Launch Screen.storyboard in Resources */ = {isa = PBXBuildFile; fileRef = EFCC0A852C8F6E0B00885E66 /* Launch Screen.storyboard */; };
		EFE1D8962C560FC900656F47 /* FoTickApp.swift in Sources */ = {isa = PBXBuildFile; fileRef = EFE1D8952C560FC900656F47 /* FoTickApp.swift */; };
		EFE1D8982C560FC900656F47 /* ContentView.swift in Sources */ = {isa = PBXBuildFile; fileRef = EFE1D8972C560FC900656F47 /* ContentView.swift */; };
		EFE1D89A2C560FCA00656F47 /* Assets.xcassets in Resources */ = {isa = PBXBuildFile; fileRef = EFE1D8992C560FCA00656F47 /* Assets.xcassets */; };
		EFE1D89D2C560FCA00656F47 /* Preview Assets.xcassets in Resources */ = {isa = PBXBuildFile; fileRef = EFE1D89C2C560FCA00656F47 /* Preview Assets.xcassets */; };
		EFE1D8A52C56104F00656F47 /* FoTickManager.swift in Sources */ = {isa = PBXBuildFile; fileRef = EFE1D8A42C56104F00656F47 /* FoTickManager.swift */; };
		EFE1D8A72C56108600656F47 /* Task.swift in Sources */ = {isa = PBXBuildFile; fileRef = EFE1D8A62C56108600656F47 /* Task.swift */; };
		EFE1D8A92C56127E00656F47 /* Category.swift in Sources */ = {isa = PBXBuildFile; fileRef = EFE1D8A82C56127E00656F47 /* Category.swift */; };
		EFE1D8AC2C56166400656F47 /* TaskView.swift in Sources */ = {isa = PBXBuildFile; fileRef = EFE1D8AB2C56166400656F47 /* TaskView.swift */; };
		EFE1D8AE2C561D4E00656F47 /* SloganView.swift in Sources */ = {isa = PBXBuildFile; fileRef = EFE1D8AD2C561D4E00656F47 /* SloganView.swift */; };
		EFE1D8B02C56229300656F47 /* TaskCard.swift in Sources */ = {isa = PBXBuildFile; fileRef = EFE1D8AF2C56229300656F47 /* TaskCard.swift */; };
		EFE1D8B22C562CBD00656F47 /* CreateTaskView.swift in Sources */ = {isa = PBXBuildFile; fileRef = EFE1D8B12C562CBD00656F47 /* CreateTaskView.swift */; };
		EFEB2E232C5764080018F430 /* TestView.swift in Sources */ = {isa = PBXBuildFile; fileRef = EFEB2E222C5764080018F430 /* TestView.swift */; };
		EFEB2E252C577C290018F430 /* UpdateTaskView.swift in Sources */ = {isa = PBXBuildFile; fileRef = EFEB2E242C577C290018F430 /* UpdateTaskView.swift */; };
/* End PBXBuildFile section */

/* Begin PBXCopyFilesBuildPhase section */
		EF9ECDD82C8FFB470065B72B /* Embed Foundation Extensions */ = {
			isa = PBXCopyFilesBuildPhase;
			buildActionMask = 2147483647;
			dstPath = "";
			dstSubfolderSpec = 13;
			files = (
			);
			name = "Embed Foundation Extensions";
			runOnlyForDeploymentPostprocessing = 0;
		};
/* End PBXCopyFilesBuildPhase section */

/* Begin PBXFileReference section */
		EF3F54E42C5E803F00A0C1DD /* DoneTaskView.swift */ = {isa = PBXFileReference; lastKnownFileType = sourcecode.swift; path = DoneTaskView.swift; sourceTree = "<group>"; };
		EF3F61332C6619B3009BF5E3 /* TodolistOn.swift */ = {isa = PBXFileReference; lastKnownFileType = sourcecode.swift; path = TodolistOn.swift; sourceTree = "<group>"; };
		EF3F61352C661C14009BF5E3 /* PomodoroOn.swift */ = {isa = PBXFileReference; lastKnownFileType = sourcecode.swift; path = PomodoroOn.swift; sourceTree = "<group>"; };
		EF48CD5C2C593E0600B93C86 /* CreateCategoryView.swift */ = {isa = PBXFileReference; lastKnownFileType = sourcecode.swift; path = CreateCategoryView.swift; sourceTree = "<group>"; };
		EF9ECDC32C8FFB460065B72B /* WidgetKit.framework */ = {isa = PBXFileReference; lastKnownFileType = wrapper.framework; name = WidgetKit.framework; path = System/Library/Frameworks/WidgetKit.framework; sourceTree = SDKROOT; };
		EF9ECDC52C8FFB460065B72B /* SwiftUI.framework */ = {isa = PBXFileReference; lastKnownFileType = wrapper.framework; name = SwiftUI.framework; path = System/Library/Frameworks/SwiftUI.framework; sourceTree = SDKROOT; };
		EF9ECDDD2C8FFCF80065B72B /* FoTick.entitlements */ = {isa = PBXFileReference; lastKnownFileType = text.plist.entitlements; path = FoTick.entitlements; sourceTree = "<group>"; };
		EFB01D1A2C5CECB3007606D9 /* CategoryView.swift */ = {isa = PBXFileReference; lastKnownFileType = sourcecode.swift; path = CategoryView.swift; sourceTree = "<group>"; };
		EFB01D1C2C5D499C007606D9 /* UpdateCategoryView.swift */ = {isa = PBXFileReference; lastKnownFileType = sourcecode.swift; path = UpdateCategoryView.swift; sourceTree = "<group>"; };
		EFB01D1E2C5D4F93007606D9 /* MenuCategory.swift */ = {isa = PBXFileReference; lastKnownFileType = sourcecode.swift; path = MenuCategory.swift; sourceTree = "<group>"; };
		EFB8C2ED2C609B5B00B00B65 /* SettingsView.swift */ = {isa = PBXFileReference; lastKnownFileType = sourcecode.swift; path = SettingsView.swift; sourceTree = "<group>"; };
		EFC1568E2C902AB300E01DFB /* PomodoroView.swift */ = {isa = PBXFileReference; lastKnownFileType = sourcecode.swift; path = PomodoroView.swift; sourceTree = "<group>"; };
		EFC156922C9048F800E01DFB /* PomodoroManager.swift */ = {isa = PBXFileReference; lastKnownFileType = sourcecode.swift; path = PomodoroManager.swift; sourceTree = "<group>"; };
		EFC339C82C608B7900A5E553 /* CalendarView.swift */ = {isa = PBXFileReference; lastKnownFileType = sourcecode.swift; path = CalendarView.swift; sourceTree = "<group>"; };
		EFCC0A802C8F20B500885E66 /* ItemsContaner.swift */ = {isa = PBXFileReference; lastKnownFileType = sourcecode.swift; path = ItemsContaner.swift; sourceTree = "<group>"; };
		EFCC0A852C8F6E0B00885E66 /* Launch Screen.storyboard */ = {isa = PBXFileReference; lastKnownFileType = file.storyboard; path = "Launch Screen.storyboard"; sourceTree = "<group>"; };
		EFE1D8922C560FC900656F47 /* FoTick.app */ = {isa = PBXFileReference; explicitFileType = wrapper.application; includeInIndex = 0; path = FoTick.app; sourceTree = BUILT_PRODUCTS_DIR; };
		EFE1D8952C560FC900656F47 /* FoTickApp.swift */ = {isa = PBXFileReference; lastKnownFileType = sourcecode.swift; path = FoTickApp.swift; sourceTree = "<group>"; };
		EFE1D8972C560FC900656F47 /* ContentView.swift */ = {isa = PBXFileReference; lastKnownFileType = sourcecode.swift; path = ContentView.swift; sourceTree = "<group>"; };
		EFE1D8992C560FCA00656F47 /* Assets.xcassets */ = {isa = PBXFileReference; lastKnownFileType = folder.assetcatalog; path = Assets.xcassets; sourceTree = "<group>"; };
		EFE1D89C2C560FCA00656F47 /* Preview Assets.xcassets */ = {isa = PBXFileReference; lastKnownFileType = folder.assetcatalog; path = "Preview Assets.xcassets"; sourceTree = "<group>"; };
		EFE1D8A42C56104F00656F47 /* FoTickManager.swift */ = {isa = PBXFileReference; lastKnownFileType = sourcecode.swift; path = FoTickManager.swift; sourceTree = "<group>"; };
		EFE1D8A62C56108600656F47 /* Task.swift */ = {isa = PBXFileReference; lastKnownFileType = sourcecode.swift; path = Task.swift; sourceTree = "<group>"; };
		EFE1D8A82C56127E00656F47 /* Category.swift */ = {isa = PBXFileReference; lastKnownFileType = sourcecode.swift; path = Category.swift; sourceTree = "<group>"; };
		EFE1D8AB2C56166400656F47 /* TaskView.swift */ = {isa = PBXFileReference; lastKnownFileType = sourcecode.swift; path = TaskView.swift; sourceTree = "<group>"; };
		EFE1D8AD2C561D4E00656F47 /* SloganView.swift */ = {isa = PBXFileReference; lastKnownFileType = sourcecode.swift; path = SloganView.swift; sourceTree = "<group>"; };
		EFE1D8AF2C56229300656F47 /* TaskCard.swift */ = {isa = PBXFileReference; lastKnownFileType = sourcecode.swift; path = TaskCard.swift; sourceTree = "<group>"; };
		EFE1D8B12C562CBD00656F47 /* CreateTaskView.swift */ = {isa = PBXFileReference; lastKnownFileType = sourcecode.swift; path = CreateTaskView.swift; sourceTree = "<group>"; };
		EFEB2E222C5764080018F430 /* TestView.swift */ = {isa = PBXFileReference; lastKnownFileType = sourcecode.swift; path = TestView.swift; sourceTree = "<group>"; };
		EFEB2E242C577C290018F430 /* UpdateTaskView.swift */ = {isa = PBXFileReference; lastKnownFileType = sourcecode.swift; path = UpdateTaskView.swift; sourceTree = "<group>"; };
/* End PBXFileReference section */

/* Begin PBXFrameworksBuildPhase section */
		EFE1D88F2C560FC900656F47 /* Frameworks */ = {
			isa = PBXFrameworksBuildPhase;
			buildActionMask = 2147483647;
			files = (
			);
			runOnlyForDeploymentPostprocessing = 0;
		};
/* End PBXFrameworksBuildPhase section */

/* Begin PBXGroup section */
		EF3F61302C66195B009BF5E3 /* Onboarding */ = {
			isa = PBXGroup;
			children = (
				EF3F61332C6619B3009BF5E3 /* TodolistOn.swift */,
				EF3F61352C661C14009BF5E3 /* PomodoroOn.swift */,
			);
			path = Onboarding;
			sourceTree = "<group>";
		};
		EF9ECDC22C8FFB460065B72B /* Frameworks */ = {
			isa = PBXGroup;
			children = (
				EF9ECDC32C8FFB460065B72B /* WidgetKit.framework */,
				EF9ECDC52C8FFB460065B72B /* SwiftUI.framework */,
			);
			name = Frameworks;
			sourceTree = "<group>";
		};
		EFB01D192C5CEC9E007606D9 /* Category */ = {
			isa = PBXGroup;
			children = (
				EFB01D1A2C5CECB3007606D9 /* CategoryView.swift */,
				EFB01D1E2C5D4F93007606D9 /* MenuCategory.swift */,
				EF48CD5C2C593E0600B93C86 /* CreateCategoryView.swift */,
				EFB01D1C2C5D499C007606D9 /* UpdateCategoryView.swift */,
			);
			path = Category;
			sourceTree = "<group>";
		};
		EFB8C2EC2C609B3A00B00B65 /* Settings */ = {
			isa = PBXGroup;
			children = (
				EFB8C2ED2C609B5B00B00B65 /* SettingsView.swift */,
			);
			path = Settings;
			sourceTree = "<group>";
		};
		EFC1568D2C902A9E00E01DFB /* Pomodoro */ = {
			isa = PBXGroup;
			children = (
				EFC1568E2C902AB300E01DFB /* PomodoroView.swift */,
			);
			path = Pomodoro;
			sourceTree = "<group>";
		};
		EFC339C72C608B6300A5E553 /* Calendar */ = {
			isa = PBXGroup;
			children = (
				EFC339C82C608B7900A5E553 /* CalendarView.swift */,
			);
			path = Calendar;
			sourceTree = "<group>";
		};
		EFE1D8892C560FC900656F47 = {
			isa = PBXGroup;
			children = (
				EFE1D8942C560FC900656F47 /* FoTick */,
				EF9ECDC22C8FFB460065B72B /* Frameworks */,
				EFE1D8932C560FC900656F47 /* Products */,
			);
			sourceTree = "<group>";
		};
		EFE1D8932C560FC900656F47 /* Products */ = {
			isa = PBXGroup;
			children = (
				EFE1D8922C560FC900656F47 /* FoTick.app */,
			);
			name = Products;
			sourceTree = "<group>";
		};
		EFE1D8942C560FC900656F47 /* FoTick */ = {
			isa = PBXGroup;
			children = (
				EF9ECDDD2C8FFCF80065B72B /* FoTick.entitlements */,
				EFE1D8952C560FC900656F47 /* FoTickApp.swift */,
				EFE1D8A42C56104F00656F47 /* FoTickManager.swift */,
				EFC156922C9048F800E01DFB /* PomodoroManager.swift */,
				EFCC0A802C8F20B500885E66 /* ItemsContaner.swift */,
				EFE1D8972C560FC900656F47 /* ContentView.swift */,
				EFC1568D2C902A9E00E01DFB /* Pomodoro */,
				EF3F61302C66195B009BF5E3 /* Onboarding */,
				EFB8C2EC2C609B3A00B00B65 /* Settings */,
				EFC339C72C608B6300A5E553 /* Calendar */,
				EFB01D192C5CEC9E007606D9 /* Category */,
				EFE1D8AA2C56142800656F47 /* TaskScreen */,
				EFE1D8A32C56102F00656F47 /* Model */,
				EFE1D8992C560FCA00656F47 /* Assets.xcassets */,
				EFE1D89B2C560FCA00656F47 /* Preview Content */,
				EFCC0A852C8F6E0B00885E66 /* Launch Screen.storyboard */,
			);
			path = FoTick;
			sourceTree = "<group>";
		};
		EFE1D89B2C560FCA00656F47 /* Preview Content */ = {
			isa = PBXGroup;
			children = (
				EFE1D89C2C560FCA00656F47 /* Preview Assets.xcassets */,
			);
			path = "Preview Content";
			sourceTree = "<group>";
		};
		EFE1D8A32C56102F00656F47 /* Model */ = {
			isa = PBXGroup;
			children = (
				EFE1D8A62C56108600656F47 /* Task.swift */,
				EFE1D8A82C56127E00656F47 /* Category.swift */,
			);
			path = Model;
			sourceTree = "<group>";
		};
		EFE1D8AA2C56142800656F47 /* TaskScreen */ = {
			isa = PBXGroup;
			children = (
				EFE1D8AB2C56166400656F47 /* TaskView.swift */,
				EF3F54E42C5E803F00A0C1DD /* DoneTaskView.swift */,
				EFE1D8AF2C56229300656F47 /* TaskCard.swift */,
				EFEB2E222C5764080018F430 /* TestView.swift */,
				EFE1D8AD2C561D4E00656F47 /* SloganView.swift */,
				EFE1D8B12C562CBD00656F47 /* CreateTaskView.swift */,
				EFEB2E242C577C290018F430 /* UpdateTaskView.swift */,
			);
			path = TaskScreen;
			sourceTree = "<group>";
		};
/* End PBXGroup section */

/* Begin PBXNativeTarget section */
		EFE1D8912C560FC900656F47 /* FoTick */ = {
			isa = PBXNativeTarget;
			buildConfigurationList = EFE1D8A02C560FCA00656F47 /* Build configuration list for PBXNativeTarget "FoTick" */;
			buildPhases = (
				EFE1D88E2C560FC900656F47 /* Sources */,
				EFE1D88F2C560FC900656F47 /* Frameworks */,
				EFE1D8902C560FC900656F47 /* Resources */,
				EF9ECDD82C8FFB470065B72B /* Embed Foundation Extensions */,
			);
			buildRules = (
			);
			dependencies = (
			);
			name = FoTick;
			productName = FoTick;
			productReference = EFE1D8922C560FC900656F47 /* FoTick.app */;
			productType = "com.apple.product-type.application";
		};
/* End PBXNativeTarget section */

/* Begin PBXProject section */
		EFE1D88A2C560FC900656F47 /* Project object */ = {
			isa = PBXProject;
			attributes = {
				BuildIndependentTargetsInParallel = 1;
				LastSwiftUpdateCheck = 1600;
				LastUpgradeCheck = 1600;
				TargetAttributes = {
					EFE1D8912C560FC900656F47 = {
						CreatedOnToolsVersion = 16.0;
					};
				};
			};
			buildConfigurationList = EFE1D88D2C560FC900656F47 /* Build configuration list for PBXProject "FoTick" */;
			compatibilityVersion = "Xcode 15.0";
			developmentRegion = en;
			hasScannedForEncodings = 0;
			knownRegions = (
				en,
				Base,
			);
			mainGroup = EFE1D8892C560FC900656F47;
			productRefGroup = EFE1D8932C560FC900656F47 /* Products */;
			projectDirPath = "";
			projectRoot = "";
			targets = (
				EFE1D8912C560FC900656F47 /* FoTick */,
			);
		};
/* End PBXProject section */

/* Begin PBXResourcesBuildPhase section */
		EFE1D8902C560FC900656F47 /* Resources */ = {
			isa = PBXResourcesBuildPhase;
			buildActionMask = 2147483647;
			files = (
				EFCC0A862C8F6E0B00885E66 /* Launch Screen.storyboard in Resources */,
				EFE1D89D2C560FCA00656F47 /* Preview Assets.xcassets in Resources */,
				EFE1D89A2C560FCA00656F47 /* Assets.xcassets in Resources */,
			);
			runOnlyForDeploymentPostprocessing = 0;
		};
/* End PBXResourcesBuildPhase section */

/* Begin PBXSourcesBuildPhase section */
		EFE1D88E2C560FC900656F47 /* Sources */ = {
			isa = PBXSourcesBuildPhase;
			buildActionMask = 2147483647;
			files = (
				EFC156932C9048F800E01DFB /* PomodoroManager.swift in Sources */,
				EF48CD5D2C593E0600B93C86 /* CreateCategoryView.swift in Sources */,
				EF3F54E52C5E803F00A0C1DD /* DoneTaskView.swift in Sources */,
				EFE1D8A72C56108600656F47 /* Task.swift in Sources */,
				EFB8C2EE2C609B5B00B00B65 /* SettingsView.swift in Sources */,
				EFC339C92C608B7900A5E553 /* CalendarView.swift in Sources */,
				EFE1D8A92C56127E00656F47 /* Category.swift in Sources */,
				EFB01D1D2C5D499C007606D9 /* UpdateCategoryView.swift in Sources */,
				EFB01D1F2C5D4F93007606D9 /* MenuCategory.swift in Sources */,
				EFE1D8A52C56104F00656F47 /* FoTickManager.swift in Sources */,
				EFE1D8AC2C56166400656F47 /* TaskView.swift in Sources */,
				EF3F61342C6619B3009BF5E3 /* TodolistOn.swift in Sources */,
				EFB01D1B2C5CECB3007606D9 /* CategoryView.swift in Sources */,
				EFE1D8982C560FC900656F47 /* ContentView.swift in Sources */,
				EFE1D8962C560FC900656F47 /* FoTickApp.swift in Sources */,
				EFEB2E232C5764080018F430 /* TestView.swift in Sources */,
				EFE1D8B22C562CBD00656F47 /* CreateTaskView.swift in Sources */,
				EFEB2E252C577C290018F430 /* UpdateTaskView.swift in Sources */,
				EFC1568F2C902AB300E01DFB /* PomodoroView.swift in Sources */,
				EFE1D8B02C56229300656F47 /* TaskCard.swift in Sources */,
				EFCC0A812C8F20B500885E66 /* ItemsContaner.swift in Sources */,
				EFE1D8AE2C561D4E00656F47 /* SloganView.swift in Sources */,
				EF3F61362C661C14009BF5E3 /* PomodoroOn.swift in Sources */,
			);
			runOnlyForDeploymentPostprocessing = 0;
		};
/* End PBXSourcesBuildPhase section */

/* Begin XCBuildConfiguration section */
		EFE1D89E2C560FCA00656F47 /* Debug */ = {
			isa = XCBuildConfiguration;
			buildSettings = {
				ALWAYS_SEARCH_USER_PATHS = NO;
				ASSETCATALOG_COMPILER_GENERATE_SWIFT_ASSET_SYMBOL_EXTENSIONS = YES;
				CLANG_ANALYZER_NONNULL = YES;
				CLANG_ANALYZER_NUMBER_OBJECT_CONVERSION = YES_AGGRESSIVE;
				CLANG_CXX_LANGUAGE_STANDARD = "gnu++20";
				CLANG_ENABLE_MODULES = YES;
				CLANG_ENABLE_OBJC_ARC = YES;
				CLANG_ENABLE_OBJC_WEAK = YES;
				CLANG_WARN_BLOCK_CAPTURE_AUTORELEASING = YES;
				CLANG_WARN_BOOL_CONVERSION = YES;
				CLANG_WARN_COMMA = YES;
				CLANG_WARN_CONSTANT_CONVERSION = YES;
				CLANG_WARN_DEPRECATED_OBJC_IMPLEMENTATIONS = YES;
				CLANG_WARN_DIRECT_OBJC_ISA_USAGE = YES_ERROR;
				CLANG_WARN_DOCUMENTATION_COMMENTS = YES;
				CLANG_WARN_EMPTY_BODY = YES;
				CLANG_WARN_ENUM_CONVERSION = YES;
				CLANG_WARN_INFINITE_RECURSION = YES;
				CLANG_WARN_INT_CONVERSION = YES;
				CLANG_WARN_NON_LITERAL_NULL_CONVERSION = YES;
				CLANG_WARN_OBJC_IMPLICIT_RETAIN_SELF = YES;
				CLANG_WARN_OBJC_LITERAL_CONVERSION = YES;
				CLANG_WARN_OBJC_ROOT_CLASS = YES_ERROR;
				CLANG_WARN_QUOTED_INCLUDE_IN_FRAMEWORK_HEADER = YES;
				CLANG_WARN_RANGE_LOOP_ANALYSIS = YES;
				CLANG_WARN_STRICT_PROTOTYPES = YES;
				CLANG_WARN_SUSPICIOUS_MOVE = YES;
				CLANG_WARN_UNGUARDED_AVAILABILITY = YES_AGGRESSIVE;
				CLANG_WARN_UNREACHABLE_CODE = YES;
				CLANG_WARN__DUPLICATE_METHOD_MATCH = YES;
				COPY_PHASE_STRIP = NO;
				DEBUG_INFORMATION_FORMAT = dwarf;
				ENABLE_STRICT_OBJC_MSGSEND = YES;
				ENABLE_TESTABILITY = YES;
				ENABLE_USER_SCRIPT_SANDBOXING = YES;
				GCC_C_LANGUAGE_STANDARD = gnu17;
				GCC_DYNAMIC_NO_PIC = NO;
				GCC_NO_COMMON_BLOCKS = YES;
				GCC_OPTIMIZATION_LEVEL = 0;
				GCC_PREPROCESSOR_DEFINITIONS = (
					"DEBUG=1",
					"$(inherited)",
				);
				GCC_WARN_64_TO_32_BIT_CONVERSION = YES;
				GCC_WARN_ABOUT_RETURN_TYPE = YES_ERROR;
				GCC_WARN_UNDECLARED_SELECTOR = YES;
				GCC_WARN_UNINITIALIZED_AUTOS = YES_AGGRESSIVE;
				GCC_WARN_UNUSED_FUNCTION = YES;
				GCC_WARN_UNUSED_VARIABLE = YES;
				IPHONEOS_DEPLOYMENT_TARGET = 18.0;
				LOCALIZATION_PREFERS_STRING_CATALOGS = YES;
				MTL_ENABLE_DEBUG_INFO = INCLUDE_SOURCE;
				MTL_FAST_MATH = YES;
				ONLY_ACTIVE_ARCH = YES;
				SDKROOT = iphoneos;
				SWIFT_ACTIVE_COMPILATION_CONDITIONS = "DEBUG $(inherited)";
				SWIFT_OPTIMIZATION_LEVEL = "-Onone";
			};
			name = Debug;
		};
		EFE1D89F2C560FCA00656F47 /* Release */ = {
			isa = XCBuildConfiguration;
			buildSettings = {
				ALWAYS_SEARCH_USER_PATHS = NO;
				ASSETCATALOG_COMPILER_GENERATE_SWIFT_ASSET_SYMBOL_EXTENSIONS = YES;
				CLANG_ANALYZER_NONNULL = YES;
				CLANG_ANALYZER_NUMBER_OBJECT_CONVERSION = YES_AGGRESSIVE;
				CLANG_CXX_LANGUAGE_STANDARD = "gnu++20";
				CLANG_ENABLE_MODULES = YES;
				CLANG_ENABLE_OBJC_ARC = YES;
				CLANG_ENABLE_OBJC_WEAK = YES;
				CLANG_WARN_BLOCK_CAPTURE_AUTORELEASING = YES;
				CLANG_WARN_BOOL_CONVERSION = YES;
				CLANG_WARN_COMMA = YES;
				CLANG_WARN_CONSTANT_CONVERSION = YES;
				CLANG_WARN_DEPRECATED_OBJC_IMPLEMENTATIONS = YES;
				CLANG_WARN_DIRECT_OBJC_ISA_USAGE = YES_ERROR;
				CLANG_WARN_DOCUMENTATION_COMMENTS = YES;
				CLANG_WARN_EMPTY_BODY = YES;
				CLANG_WARN_ENUM_CONVERSION = YES;
				CLANG_WARN_INFINITE_RECURSION = YES;
				CLANG_WARN_INT_CONVERSION = YES;
				CLANG_WARN_NON_LITERAL_NULL_CONVERSION = YES;
				CLANG_WARN_OBJC_IMPLICIT_RETAIN_SELF = YES;
				CLANG_WARN_OBJC_LITERAL_CONVERSION = YES;
				CLANG_WARN_OBJC_ROOT_CLASS = YES_ERROR;
				CLANG_WARN_QUOTED_INCLUDE_IN_FRAMEWORK_HEADER = YES;
				CLANG_WARN_RANGE_LOOP_ANALYSIS = YES;
				CLANG_WARN_STRICT_PROTOTYPES = YES;
				CLANG_WARN_SUSPICIOUS_MOVE = YES;
				CLANG_WARN_UNGUARDED_AVAILABILITY = YES_AGGRESSIVE;
				CLANG_WARN_UNREACHABLE_CODE = YES;
				CLANG_WARN__DUPLICATE_METHOD_MATCH = YES;
				COPY_PHASE_STRIP = NO;
				DEBUG_INFORMATION_FORMAT = "dwarf-with-dsym";
				ENABLE_NS_ASSERTIONS = NO;
				ENABLE_STRICT_OBJC_MSGSEND = YES;
				ENABLE_USER_SCRIPT_SANDBOXING = YES;
				GCC_C_LANGUAGE_STANDARD = gnu17;
				GCC_NO_COMMON_BLOCKS = YES;
				GCC_WARN_64_TO_32_BIT_CONVERSION = YES;
				GCC_WARN_ABOUT_RETURN_TYPE = YES_ERROR;
				GCC_WARN_UNDECLARED_SELECTOR = YES;
				GCC_WARN_UNINITIALIZED_AUTOS = YES_AGGRESSIVE;
				GCC_WARN_UNUSED_FUNCTION = YES;
				GCC_WARN_UNUSED_VARIABLE = YES;
				IPHONEOS_DEPLOYMENT_TARGET = 18.0;
				LOCALIZATION_PREFERS_STRING_CATALOGS = YES;
				MTL_ENABLE_DEBUG_INFO = NO;
				MTL_FAST_MATH = YES;
				SDKROOT = iphoneos;
				SWIFT_COMPILATION_MODE = wholemodule;
				VALIDATE_PRODUCT = YES;
			};
			name = Release;
		};
		EFE1D8A12C560FCA00656F47 /* Debug */ = {
			isa = XCBuildConfiguration;
			buildSettings = {
				ASSETCATALOG_COMPILER_APPICON_NAME = AppIcon;
				ASSETCATALOG_COMPILER_GLOBAL_ACCENT_COLOR_NAME = AccentColor;
				ASSETCATALOG_COMPILER_INCLUDE_ALL_APPICON_ASSETS = NO;
				CODE_SIGN_ENTITLEMENTS = FoTick/FoTick.entitlements;
				CODE_SIGN_STYLE = Automatic;
				CURRENT_PROJECT_VERSION = 1;
				DEVELOPMENT_ASSET_PATHS = "\"FoTick/Preview Content\"";
				DEVELOPMENT_TEAM = RKJ54P4495;
				ENABLE_PREVIEWS = YES;
				GENERATE_INFOPLIST_FILE = YES;
				INFOPLIST_KEY_CFBundleDisplayName = FoTick;
				INFOPLIST_KEY_LSApplicationCategoryType = "public.app-category.utilities";
				INFOPLIST_KEY_UIApplicationSceneManifest_Generation = YES;
				INFOPLIST_KEY_UIApplicationSupportsIndirectInputEvents = YES;
				INFOPLIST_KEY_UILaunchScreen_Generation = YES;
				INFOPLIST_KEY_UILaunchStoryboardName = "Launch Screen.storyboard";
				INFOPLIST_KEY_UISupportedInterfaceOrientations_iPad = "UIInterfaceOrientationPortrait UIInterfaceOrientationPortraitUpsideDown UIInterfaceOrientationLandscapeLeft UIInterfaceOrientationLandscapeRight";
				INFOPLIST_KEY_UISupportedInterfaceOrientations_iPhone = "UIInterfaceOrientationPortrait UIInterfaceOrientationLandscapeLeft UIInterfaceOrientationLandscapeRight";
				IPHONEOS_DEPLOYMENT_TARGET = 17.0;
				LD_RUNPATH_SEARCH_PATHS = (
					"$(inherited)",
					"@executable_path/Frameworks",
				);
				MARKETING_VERSION = 1.0;
				PRODUCT_BUNDLE_IDENTIFIER = beta.FoTick;
				PRODUCT_NAME = "$(TARGET_NAME)";
				SWIFT_EMIT_LOC_STRINGS = YES;
				SWIFT_VERSION = 5.0;
				TARGETED_DEVICE_FAMILY = "1,2";
			};
			name = Debug;
		};
		EFE1D8A22C560FCA00656F47 /* Release */ = {
			isa = XCBuildConfiguration;
			buildSettings = {
				ASSETCATALOG_COMPILER_APPICON_NAME = AppIcon;
				ASSETCATALOG_COMPILER_GLOBAL_ACCENT_COLOR_NAME = AccentColor;
				ASSETCATALOG_COMPILER_INCLUDE_ALL_APPICON_ASSETS = NO;
				CODE_SIGN_ENTITLEMENTS = FoTick/FoTick.entitlements;
				CODE_SIGN_STYLE = Automatic;
				CURRENT_PROJECT_VERSION = 1;
				DEVELOPMENT_ASSET_PATHS = "\"FoTick/Preview Content\"";
				DEVELOPMENT_TEAM = RKJ54P4495;
				ENABLE_PREVIEWS = YES;
				GENERATE_INFOPLIST_FILE = YES;
				INFOPLIST_KEY_CFBundleDisplayName = FoTick;
				INFOPLIST_KEY_LSApplicationCategoryType = "public.app-category.utilities";
				INFOPLIST_KEY_UIApplicationSceneManifest_Generation = YES;
				INFOPLIST_KEY_UIApplicationSupportsIndirectInputEvents = YES;
				INFOPLIST_KEY_UILaunchScreen_Generation = YES;
				INFOPLIST_KEY_UILaunchStoryboardName = "Launch Screen.storyboard";
				INFOPLIST_KEY_UISupportedInterfaceOrientations_iPad = "UIInterfaceOrientationPortrait UIInterfaceOrientationPortraitUpsideDown UIInterfaceOrientationLandscapeLeft UIInterfaceOrientationLandscapeRight";
				INFOPLIST_KEY_UISupportedInterfaceOrientations_iPhone = "UIInterfaceOrientationPortrait UIInterfaceOrientationLandscapeLeft UIInterfaceOrientationLandscapeRight";
				IPHONEOS_DEPLOYMENT_TARGET = 17.0;
				LD_RUNPATH_SEARCH_PATHS = (
					"$(inherited)",
					"@executable_path/Frameworks",
				);
				MARKETING_VERSION = 1.0;
				PRODUCT_BUNDLE_IDENTIFIER = beta.FoTick;
				PRODUCT_NAME = "$(TARGET_NAME)";
				SWIFT_EMIT_LOC_STRINGS = YES;
				SWIFT_VERSION = 5.0;
				TARGETED_DEVICE_FAMILY = "1,2";
			};
			name = Release;
		};
/* End XCBuildConfiguration section */

/* Begin XCConfigurationList section */
		EFE1D88D2C560FC900656F47 /* Build configuration list for PBXProject "FoTick" */ = {
			isa = XCConfigurationList;
			buildConfigurations = (
				EFE1D89E2C560FCA00656F47 /* Debug */,
				EFE1D89F2C560FCA00656F47 /* Release */,
			);
			defaultConfigurationIsVisible = 0;
			defaultConfigurationName = Release;
		};
		EFE1D8A02C560FCA00656F47 /* Build configuration list for PBXNativeTarget "FoTick" */ = {
			isa = XCConfigurationList;
			buildConfigurations = (
				EFE1D8A12C560FCA00656F47 /* Debug */,
				EFE1D8A22C560FCA00656F47 /* Release */,
			);
			defaultConfigurationIsVisible = 0;
			defaultConfigurationName = Release;
		};
/* End XCConfigurationList section */
	};
	rootObject = EFE1D88A2C560FC900656F47 /* Project object */;
}
